// !$*UTF8*$!
{
	archiveVersion = 1;
	classes = {
	};
	objectVersion = 55;
	objects = {

/* Begin PBXBuildFile section */
		080CCE4B29544DA200C50D00 /* LoginViewController.swift in Sources */ = {isa = PBXBuildFile; fileRef = 080CCE4929544DA200C50D00 /* LoginViewController.swift */; };
		080CCE4C29544DA200C50D00 /* LoginViewController.xib in Resources */ = {isa = PBXBuildFile; fileRef = 080CCE4A29544DA200C50D00 /* LoginViewController.xib */; };
		0815C8832962DA0E0081B7D3 /* NearbyRestoCollectionViewCell.swift in Sources */ = {isa = PBXBuildFile; fileRef = 0815C8812962DA0E0081B7D3 /* NearbyRestoCollectionViewCell.swift */; };
		0815C8842962DA0E0081B7D3 /* NearbyRestoCollectionViewCell.xib in Resources */ = {isa = PBXBuildFile; fileRef = 0815C8822962DA0E0081B7D3 /* NearbyRestoCollectionViewCell.xib */; };
		0815C8892962E2FA0081B7D3 /* NearbyRestoSectionCollectionView.swift in Sources */ = {isa = PBXBuildFile; fileRef = 0815C8872962E2FA0081B7D3 /* NearbyRestoSectionCollectionView.swift */; };
		0815C88A2962E2FA0081B7D3 /* NearbyRestoSectionCollectionView.xib in Resources */ = {isa = PBXBuildFile; fileRef = 0815C8882962E2FA0081B7D3 /* NearbyRestoSectionCollectionView.xib */; };
		082CA02B29656342006CB946 /* AllRestoCollectionViewCell.swift in Sources */ = {isa = PBXBuildFile; fileRef = 082CA02929656342006CB946 /* AllRestoCollectionViewCell.swift */; };
		082CA02C29656342006CB946 /* AllRestoCollectionViewCell.xib in Resources */ = {isa = PBXBuildFile; fileRef = 082CA02A29656342006CB946 /* AllRestoCollectionViewCell.xib */; };
		086C57302952FFDD00F244C2 /* GoogleService-Info.plist in Resources */ = {isa = PBXBuildFile; fileRef = 086C572F2952FFDD00F244C2 /* GoogleService-Info.plist */; };
		08B167D6295D7C1700721067 /* LocationManager.swift in Sources */ = {isa = PBXBuildFile; fileRef = 08B167D5295D7C1700721067 /* LocationManager.swift */; };
		1AC4BC6BD731C134D128413E /* Pods_RestaurantAppTests.framework in Frameworks */ = {isa = PBXBuildFile; fileRef = ED02654402D3A34BB2C8C325 /* Pods_RestaurantAppTests.framework */; };
		4DE0874C6D1BD70B404C0F0A /* Pods_RestaurantApp_RestaurantAppUITests.framework in Frameworks */ = {isa = PBXBuildFile; fileRef = 90A283198BCBC864F40426AF /* Pods_RestaurantApp_RestaurantAppUITests.framework */; };
		AF2F69B42955BB2700F04660 /* URLSession+Extension.swift in Sources */ = {isa = PBXBuildFile; fileRef = AF2F69B32955BB2700F04660 /* URLSession+Extension.swift */; };
		AF2F69B82955BBE800F04660 /* TopRestoCollectionViewCell.swift in Sources */ = {isa = PBXBuildFile; fileRef = AF2F69B62955BBE800F04660 /* TopRestoCollectionViewCell.swift */; };
		AF2F69B92955BBE800F04660 /* TopRestoCollectionViewCell.xib in Resources */ = {isa = PBXBuildFile; fileRef = AF2F69B72955BBE800F04660 /* TopRestoCollectionViewCell.xib */; };
		AF2F69BC2955BF6500F04660 /* BukaRestoResponse.swift in Sources */ = {isa = PBXBuildFile; fileRef = AF2F69BB2955BF6500F04660 /* BukaRestoResponse.swift */; };
		AF2F69BE2955C07600F04660 /* HomePageViewModel.swift in Sources */ = {isa = PBXBuildFile; fileRef = AF2F69BD2955C07600F04660 /* HomePageViewModel.swift */; };
		AF2F69C32955C41800F04660 /* HeaderCollectionReusableView.swift in Sources */ = {isa = PBXBuildFile; fileRef = AF2F69C12955C41800F04660 /* HeaderCollectionReusableView.swift */; };
		AF2F69C42955C41800F04660 /* HeaderCollectionReusableView.xib in Resources */ = {isa = PBXBuildFile; fileRef = AF2F69C22955C41800F04660 /* HeaderCollectionReusableView.xib */; };
		AF3C35812959781D0077E00B /* TopRestoFooterCollectionReusableView.swift in Sources */ = {isa = PBXBuildFile; fileRef = AF3C357F2959781D0077E00B /* TopRestoFooterCollectionReusableView.swift */; };
		AF3C35822959781D0077E00B /* TopRestoFooterCollectionReusableView.xib in Resources */ = {isa = PBXBuildFile; fileRef = AF3C35802959781D0077E00B /* TopRestoFooterCollectionReusableView.xib */; };
		AF3C35872959A96A0077E00B /* PopUpViewController.swift in Sources */ = {isa = PBXBuildFile; fileRef = AF3C35852959A96A0077E00B /* PopUpViewController.swift */; };
		AF3C35882959A96A0077E00B /* PopUpViewController.xib in Resources */ = {isa = PBXBuildFile; fileRef = AF3C35862959A96A0077E00B /* PopUpViewController.xib */; };
		AF3C3590295AB0CD0077E00B /* SearchPageViewController.swift in Sources */ = {isa = PBXBuildFile; fileRef = AF3C358E295AB0CD0077E00B /* SearchPageViewController.swift */; };
		AF3C3591295AB0CD0077E00B /* SearchPageViewController.xib in Resources */ = {isa = PBXBuildFile; fileRef = AF3C358F295AB0CD0077E00B /* SearchPageViewController.xib */; };
		AF4FED43296C209E00199788 /* UIImage+Extension.swift in Sources */ = {isa = PBXBuildFile; fileRef = AF4FED42296C209E00199788 /* UIImage+Extension.swift */; };
		AF528D192947283100CF81A5 /* AppDelegate.swift in Sources */ = {isa = PBXBuildFile; fileRef = AF528D182947283100CF81A5 /* AppDelegate.swift */; };
		AF528D1D2947283100CF81A5 /* ViewController.swift in Sources */ = {isa = PBXBuildFile; fileRef = AF528D1C2947283100CF81A5 /* ViewController.swift */; };
		AF528D222947283400CF81A5 /* Assets.xcassets in Resources */ = {isa = PBXBuildFile; fileRef = AF528D212947283400CF81A5 /* Assets.xcassets */; };
		AF528D252947283400CF81A5 /* LaunchScreen.storyboard in Resources */ = {isa = PBXBuildFile; fileRef = AF528D232947283400CF81A5 /* LaunchScreen.storyboard */; };
		AF528D302947283400CF81A5 /* RestaurantAppTests.swift in Sources */ = {isa = PBXBuildFile; fileRef = AF528D2F2947283400CF81A5 /* RestaurantAppTests.swift */; };
		AF528D3A2947283400CF81A5 /* RestaurantAppUITests.swift in Sources */ = {isa = PBXBuildFile; fileRef = AF528D392947283400CF81A5 /* RestaurantAppUITests.swift */; };
		AF528D3C2947283400CF81A5 /* RestaurantAppUITestsLaunchTests.swift in Sources */ = {isa = PBXBuildFile; fileRef = AF528D3B2947283400CF81A5 /* RestaurantAppUITestsLaunchTests.swift */; };
		AF7207D72962AF2600E2FB0C /* SearchPageViewModel.swift in Sources */ = {isa = PBXBuildFile; fileRef = AF7207D62962AF2600E2FB0C /* SearchPageViewModel.swift */; };
		AF72E3662967DE0A00A73F90 /* DetailPageViewModel.swift in Sources */ = {isa = PBXBuildFile; fileRef = AF72E3652967DE0A00A73F90 /* DetailPageViewModel.swift */; };
		AF72E36D29680DD000A73F90 /* MenuCategoryCollectionViewCell.swift in Sources */ = {isa = PBXBuildFile; fileRef = AF72E36B29680DD000A73F90 /* MenuCategoryCollectionViewCell.swift */; };
		AF72E36E29680DD000A73F90 /* MenuCategoryCollectionViewCell.xib in Resources */ = {isa = PBXBuildFile; fileRef = AF72E36C29680DD000A73F90 /* MenuCategoryCollectionViewCell.xib */; };
		AFCB690229507B1900188F3B /* UIColor+Extension.swift in Sources */ = {isa = PBXBuildFile; fileRef = AFCB690129507B1900188F3B /* UIColor+Extension.swift */; };
		AFCB690429507D7100188F3B /* NSAttributedString+Extension.swift in Sources */ = {isa = PBXBuildFile; fileRef = AFCB690329507D7100188F3B /* NSAttributedString+Extension.swift */; };
		AFDA60342965739400EF8AB8 /* DetailPageViewController.swift in Sources */ = {isa = PBXBuildFile; fileRef = AFDA60322965739400EF8AB8 /* DetailPageViewController.swift */; };
		AFDA60352965739400EF8AB8 /* DetailPageViewController.xib in Resources */ = {isa = PBXBuildFile; fileRef = AFDA60332965739400EF8AB8 /* DetailPageViewController.xib */; };
		AFDA603D296578FC00EF8AB8 /* MenuSectionTableView.swift in Sources */ = {isa = PBXBuildFile; fileRef = AFDA603B296578FC00EF8AB8 /* MenuSectionTableView.swift */; };
		AFDA603E296578FC00EF8AB8 /* MenuSectionTableView.xib in Resources */ = {isa = PBXBuildFile; fileRef = AFDA603C296578FC00EF8AB8 /* MenuSectionTableView.xib */; };
		AFDA604129657AE600EF8AB8 /* MenuTableViewCell.swift in Sources */ = {isa = PBXBuildFile; fileRef = AFDA603F29657AE500EF8AB8 /* MenuTableViewCell.swift */; };
		AFDA604229657AE600EF8AB8 /* MenuTableViewCell.xib in Resources */ = {isa = PBXBuildFile; fileRef = AFDA604029657AE500EF8AB8 /* MenuTableViewCell.xib */; };
		AFE985B72951ACEE008CCC36 /* HomePageViewController.swift in Sources */ = {isa = PBXBuildFile; fileRef = AFE985B52951ACEE008CCC36 /* HomePageViewController.swift */; };
		AFE985B82951ACEE008CCC36 /* HomePageViewController.xib in Resources */ = {isa = PBXBuildFile; fileRef = AFE985B62951ACEE008CCC36 /* HomePageViewController.xib */; };
		AFE985BA2951AD3E008CCC36 /* ViewController+Extension.swift in Sources */ = {isa = PBXBuildFile; fileRef = AFE985B92951AD3E008CCC36 /* ViewController+Extension.swift */; };
		AFFB2E78295C1083008F1F77 /* TopSearchCollectionViewCell.swift in Sources */ = {isa = PBXBuildFile; fileRef = AFFB2E76295C1083008F1F77 /* TopSearchCollectionViewCell.swift */; };
		AFFB2E79295C1083008F1F77 /* TopSearchCollectionViewCell.xib in Resources */ = {isa = PBXBuildFile; fileRef = AFFB2E77295C1083008F1F77 /* TopSearchCollectionViewCell.xib */; };
		AFFB2E7B295C38A9008F1F77 /* AlignedCollectionViewFlowLayout.swift in Sources */ = {isa = PBXBuildFile; fileRef = AFFB2E7A295C38A9008F1F77 /* AlignedCollectionViewFlowLayout.swift */; };
		DD2B2D74A0825F510956C7B7 /* Pods_RestaurantApp.framework in Frameworks */ = {isa = PBXBuildFile; fileRef = 51BB6458CF820E04EC1F5531 /* Pods_RestaurantApp.framework */; };
/* End PBXBuildFile section */

/* Begin PBXContainerItemProxy section */
		AF528D2C2947283400CF81A5 /* PBXContainerItemProxy */ = {
			isa = PBXContainerItemProxy;
			containerPortal = AF528D0D2947283100CF81A5 /* Project object */;
			proxyType = 1;
			remoteGlobalIDString = AF528D142947283100CF81A5;
			remoteInfo = RestaurantApp;
		};
		AF528D362947283400CF81A5 /* PBXContainerItemProxy */ = {
			isa = PBXContainerItemProxy;
			containerPortal = AF528D0D2947283100CF81A5 /* Project object */;
			proxyType = 1;
			remoteGlobalIDString = AF528D142947283100CF81A5;
			remoteInfo = RestaurantApp;
		};
/* End PBXContainerItemProxy section */

/* Begin PBXFileReference section */
		080CCE4929544DA200C50D00 /* LoginViewController.swift */ = {isa = PBXFileReference; lastKnownFileType = sourcecode.swift; path = LoginViewController.swift; sourceTree = "<group>"; };
		080CCE4A29544DA200C50D00 /* LoginViewController.xib */ = {isa = PBXFileReference; lastKnownFileType = file.xib; path = LoginViewController.xib; sourceTree = "<group>"; };
		0815C8812962DA0E0081B7D3 /* NearbyRestoCollectionViewCell.swift */ = {isa = PBXFileReference; lastKnownFileType = sourcecode.swift; path = NearbyRestoCollectionViewCell.swift; sourceTree = "<group>"; };
		0815C8822962DA0E0081B7D3 /* NearbyRestoCollectionViewCell.xib */ = {isa = PBXFileReference; lastKnownFileType = file.xib; path = NearbyRestoCollectionViewCell.xib; sourceTree = "<group>"; };
		0815C8872962E2FA0081B7D3 /* NearbyRestoSectionCollectionView.swift */ = {isa = PBXFileReference; lastKnownFileType = sourcecode.swift; path = NearbyRestoSectionCollectionView.swift; sourceTree = "<group>"; };
		0815C8882962E2FA0081B7D3 /* NearbyRestoSectionCollectionView.xib */ = {isa = PBXFileReference; lastKnownFileType = file.xib; path = NearbyRestoSectionCollectionView.xib; sourceTree = "<group>"; };
		082CA02929656342006CB946 /* AllRestoCollectionViewCell.swift */ = {isa = PBXFileReference; lastKnownFileType = sourcecode.swift; path = AllRestoCollectionViewCell.swift; sourceTree = "<group>"; };
		082CA02A29656342006CB946 /* AllRestoCollectionViewCell.xib */ = {isa = PBXFileReference; lastKnownFileType = file.xib; path = AllRestoCollectionViewCell.xib; sourceTree = "<group>"; };
		086C572F2952FFDD00F244C2 /* GoogleService-Info.plist */ = {isa = PBXFileReference; fileEncoding = 4; lastKnownFileType = text.plist.xml; path = "GoogleService-Info.plist"; sourceTree = "<group>"; };
		08B167D5295D7C1700721067 /* LocationManager.swift */ = {isa = PBXFileReference; lastKnownFileType = sourcecode.swift; path = LocationManager.swift; sourceTree = "<group>"; };
		1C343EB85E4A7B499616269C /* Pods-RestaurantAppTests.release.xcconfig */ = {isa = PBXFileReference; includeInIndex = 1; lastKnownFileType = text.xcconfig; name = "Pods-RestaurantAppTests.release.xcconfig"; path = "Target Support Files/Pods-RestaurantAppTests/Pods-RestaurantAppTests.release.xcconfig"; sourceTree = "<group>"; };
		51BB6458CF820E04EC1F5531 /* Pods_RestaurantApp.framework */ = {isa = PBXFileReference; explicitFileType = wrapper.framework; includeInIndex = 0; path = Pods_RestaurantApp.framework; sourceTree = BUILT_PRODUCTS_DIR; };
		63E8397D7E690C7F9ADCD4FB /* Pods-RestaurantApp.release.xcconfig */ = {isa = PBXFileReference; includeInIndex = 1; lastKnownFileType = text.xcconfig; name = "Pods-RestaurantApp.release.xcconfig"; path = "Target Support Files/Pods-RestaurantApp/Pods-RestaurantApp.release.xcconfig"; sourceTree = "<group>"; };
		7F6EB3885DCD0B8FBC4D59F9 /* Pods-RestaurantApp-RestaurantAppUITests.debug.xcconfig */ = {isa = PBXFileReference; includeInIndex = 1; lastKnownFileType = text.xcconfig; name = "Pods-RestaurantApp-RestaurantAppUITests.debug.xcconfig"; path = "Target Support Files/Pods-RestaurantApp-RestaurantAppUITests/Pods-RestaurantApp-RestaurantAppUITests.debug.xcconfig"; sourceTree = "<group>"; };
		90A283198BCBC864F40426AF /* Pods_RestaurantApp_RestaurantAppUITests.framework */ = {isa = PBXFileReference; explicitFileType = wrapper.framework; includeInIndex = 0; path = Pods_RestaurantApp_RestaurantAppUITests.framework; sourceTree = BUILT_PRODUCTS_DIR; };
		A59504B7C96FCA050E3B7358 /* Pods-RestaurantApp-RestaurantAppUITests.release.xcconfig */ = {isa = PBXFileReference; includeInIndex = 1; lastKnownFileType = text.xcconfig; name = "Pods-RestaurantApp-RestaurantAppUITests.release.xcconfig"; path = "Target Support Files/Pods-RestaurantApp-RestaurantAppUITests/Pods-RestaurantApp-RestaurantAppUITests.release.xcconfig"; sourceTree = "<group>"; };
		AF2F69B32955BB2700F04660 /* URLSession+Extension.swift */ = {isa = PBXFileReference; lastKnownFileType = sourcecode.swift; path = "URLSession+Extension.swift"; sourceTree = "<group>"; };
		AF2F69B62955BBE800F04660 /* TopRestoCollectionViewCell.swift */ = {isa = PBXFileReference; lastKnownFileType = sourcecode.swift; path = TopRestoCollectionViewCell.swift; sourceTree = "<group>"; };
		AF2F69B72955BBE800F04660 /* TopRestoCollectionViewCell.xib */ = {isa = PBXFileReference; lastKnownFileType = file.xib; path = TopRestoCollectionViewCell.xib; sourceTree = "<group>"; };
		AF2F69BB2955BF6500F04660 /* BukaRestoResponse.swift */ = {isa = PBXFileReference; lastKnownFileType = sourcecode.swift; path = BukaRestoResponse.swift; sourceTree = "<group>"; };
		AF2F69BD2955C07600F04660 /* HomePageViewModel.swift */ = {isa = PBXFileReference; lastKnownFileType = sourcecode.swift; path = HomePageViewModel.swift; sourceTree = "<group>"; };
		AF2F69C12955C41800F04660 /* HeaderCollectionReusableView.swift */ = {isa = PBXFileReference; lastKnownFileType = sourcecode.swift; path = HeaderCollectionReusableView.swift; sourceTree = "<group>"; };
		AF2F69C22955C41800F04660 /* HeaderCollectionReusableView.xib */ = {isa = PBXFileReference; lastKnownFileType = file.xib; path = HeaderCollectionReusableView.xib; sourceTree = "<group>"; };
		AF3C357F2959781D0077E00B /* TopRestoFooterCollectionReusableView.swift */ = {isa = PBXFileReference; lastKnownFileType = sourcecode.swift; path = TopRestoFooterCollectionReusableView.swift; sourceTree = "<group>"; };
		AF3C35802959781D0077E00B /* TopRestoFooterCollectionReusableView.xib */ = {isa = PBXFileReference; lastKnownFileType = file.xib; path = TopRestoFooterCollectionReusableView.xib; sourceTree = "<group>"; };
		AF3C35852959A96A0077E00B /* PopUpViewController.swift */ = {isa = PBXFileReference; lastKnownFileType = sourcecode.swift; path = PopUpViewController.swift; sourceTree = "<group>"; };
		AF3C35862959A96A0077E00B /* PopUpViewController.xib */ = {isa = PBXFileReference; lastKnownFileType = file.xib; path = PopUpViewController.xib; sourceTree = "<group>"; };
		AF3C358E295AB0CD0077E00B /* SearchPageViewController.swift */ = {isa = PBXFileReference; lastKnownFileType = sourcecode.swift; path = SearchPageViewController.swift; sourceTree = "<group>"; };
		AF3C358F295AB0CD0077E00B /* SearchPageViewController.xib */ = {isa = PBXFileReference; lastKnownFileType = file.xib; path = SearchPageViewController.xib; sourceTree = "<group>"; };
		AF4FED42296C209E00199788 /* UIImage+Extension.swift */ = {isa = PBXFileReference; lastKnownFileType = sourcecode.swift; path = "UIImage+Extension.swift"; sourceTree = "<group>"; };
		AF528D152947283100CF81A5 /* RestaurantApp.app */ = {isa = PBXFileReference; explicitFileType = wrapper.application; includeInIndex = 0; path = RestaurantApp.app; sourceTree = BUILT_PRODUCTS_DIR; };
		AF528D182947283100CF81A5 /* AppDelegate.swift */ = {isa = PBXFileReference; lastKnownFileType = sourcecode.swift; path = AppDelegate.swift; sourceTree = "<group>"; };
		AF528D1C2947283100CF81A5 /* ViewController.swift */ = {isa = PBXFileReference; lastKnownFileType = sourcecode.swift; path = ViewController.swift; sourceTree = "<group>"; };
		AF528D212947283400CF81A5 /* Assets.xcassets */ = {isa = PBXFileReference; lastKnownFileType = folder.assetcatalog; path = Assets.xcassets; sourceTree = "<group>"; };
		AF528D242947283400CF81A5 /* Base */ = {isa = PBXFileReference; lastKnownFileType = file.storyboard; name = Base; path = Base.lproj/LaunchScreen.storyboard; sourceTree = "<group>"; };
		AF528D262947283400CF81A5 /* Info.plist */ = {isa = PBXFileReference; lastKnownFileType = text.plist.xml; path = Info.plist; sourceTree = "<group>"; };
		AF528D2B2947283400CF81A5 /* RestaurantAppTests.xctest */ = {isa = PBXFileReference; explicitFileType = wrapper.cfbundle; includeInIndex = 0; path = RestaurantAppTests.xctest; sourceTree = BUILT_PRODUCTS_DIR; };
		AF528D2F2947283400CF81A5 /* RestaurantAppTests.swift */ = {isa = PBXFileReference; lastKnownFileType = sourcecode.swift; path = RestaurantAppTests.swift; sourceTree = "<group>"; };
		AF528D352947283400CF81A5 /* RestaurantAppUITests.xctest */ = {isa = PBXFileReference; explicitFileType = wrapper.cfbundle; includeInIndex = 0; path = RestaurantAppUITests.xctest; sourceTree = BUILT_PRODUCTS_DIR; };
		AF528D392947283400CF81A5 /* RestaurantAppUITests.swift */ = {isa = PBXFileReference; lastKnownFileType = sourcecode.swift; path = RestaurantAppUITests.swift; sourceTree = "<group>"; };
		AF528D3B2947283400CF81A5 /* RestaurantAppUITestsLaunchTests.swift */ = {isa = PBXFileReference; lastKnownFileType = sourcecode.swift; path = RestaurantAppUITestsLaunchTests.swift; sourceTree = "<group>"; };
		AF7207D62962AF2600E2FB0C /* SearchPageViewModel.swift */ = {isa = PBXFileReference; lastKnownFileType = sourcecode.swift; path = SearchPageViewModel.swift; sourceTree = "<group>"; };
		AF72E3652967DE0A00A73F90 /* DetailPageViewModel.swift */ = {isa = PBXFileReference; lastKnownFileType = sourcecode.swift; path = DetailPageViewModel.swift; sourceTree = "<group>"; };
		AF72E36B29680DD000A73F90 /* MenuCategoryCollectionViewCell.swift */ = {isa = PBXFileReference; lastKnownFileType = sourcecode.swift; path = MenuCategoryCollectionViewCell.swift; sourceTree = "<group>"; };
		AF72E36C29680DD000A73F90 /* MenuCategoryCollectionViewCell.xib */ = {isa = PBXFileReference; lastKnownFileType = file.xib; path = MenuCategoryCollectionViewCell.xib; sourceTree = "<group>"; };
		AFCB690129507B1900188F3B /* UIColor+Extension.swift */ = {isa = PBXFileReference; lastKnownFileType = sourcecode.swift; path = "UIColor+Extension.swift"; sourceTree = "<group>"; };
		AFCB690329507D7100188F3B /* NSAttributedString+Extension.swift */ = {isa = PBXFileReference; lastKnownFileType = sourcecode.swift; path = "NSAttributedString+Extension.swift"; sourceTree = "<group>"; };
		AFDA60322965739400EF8AB8 /* DetailPageViewController.swift */ = {isa = PBXFileReference; lastKnownFileType = sourcecode.swift; path = DetailPageViewController.swift; sourceTree = "<group>"; };
		AFDA60332965739400EF8AB8 /* DetailPageViewController.xib */ = {isa = PBXFileReference; lastKnownFileType = file.xib; path = DetailPageViewController.xib; sourceTree = "<group>"; };
		AFDA603B296578FC00EF8AB8 /* MenuSectionTableView.swift */ = {isa = PBXFileReference; lastKnownFileType = sourcecode.swift; path = MenuSectionTableView.swift; sourceTree = "<group>"; };
		AFDA603C296578FC00EF8AB8 /* MenuSectionTableView.xib */ = {isa = PBXFileReference; lastKnownFileType = file.xib; path = MenuSectionTableView.xib; sourceTree = "<group>"; };
		AFDA603F29657AE500EF8AB8 /* MenuTableViewCell.swift */ = {isa = PBXFileReference; lastKnownFileType = sourcecode.swift; path = MenuTableViewCell.swift; sourceTree = "<group>"; };
		AFDA604029657AE500EF8AB8 /* MenuTableViewCell.xib */ = {isa = PBXFileReference; lastKnownFileType = file.xib; path = MenuTableViewCell.xib; sourceTree = "<group>"; };
		AFE985B52951ACEE008CCC36 /* HomePageViewController.swift */ = {isa = PBXFileReference; lastKnownFileType = sourcecode.swift; path = HomePageViewController.swift; sourceTree = "<group>"; };
		AFE985B62951ACEE008CCC36 /* HomePageViewController.xib */ = {isa = PBXFileReference; lastKnownFileType = file.xib; path = HomePageViewController.xib; sourceTree = "<group>"; };
		AFE985B92951AD3E008CCC36 /* ViewController+Extension.swift */ = {isa = PBXFileReference; lastKnownFileType = sourcecode.swift; path = "ViewController+Extension.swift"; sourceTree = "<group>"; };
		AFFB2E76295C1083008F1F77 /* TopSearchCollectionViewCell.swift */ = {isa = PBXFileReference; lastKnownFileType = sourcecode.swift; path = TopSearchCollectionViewCell.swift; sourceTree = "<group>"; };
		AFFB2E77295C1083008F1F77 /* TopSearchCollectionViewCell.xib */ = {isa = PBXFileReference; lastKnownFileType = file.xib; path = TopSearchCollectionViewCell.xib; sourceTree = "<group>"; };
		AFFB2E7A295C38A9008F1F77 /* AlignedCollectionViewFlowLayout.swift */ = {isa = PBXFileReference; lastKnownFileType = sourcecode.swift; path = AlignedCollectionViewFlowLayout.swift; sourceTree = "<group>"; };
		CF726F1455B819C21767FFB4 /* Pods-RestaurantApp.debug.xcconfig */ = {isa = PBXFileReference; includeInIndex = 1; lastKnownFileType = text.xcconfig; name = "Pods-RestaurantApp.debug.xcconfig"; path = "Target Support Files/Pods-RestaurantApp/Pods-RestaurantApp.debug.xcconfig"; sourceTree = "<group>"; };
		D99D2399A624C1658DF9B295 /* Pods-RestaurantAppTests.debug.xcconfig */ = {isa = PBXFileReference; includeInIndex = 1; lastKnownFileType = text.xcconfig; name = "Pods-RestaurantAppTests.debug.xcconfig"; path = "Target Support Files/Pods-RestaurantAppTests/Pods-RestaurantAppTests.debug.xcconfig"; sourceTree = "<group>"; };
		ED02654402D3A34BB2C8C325 /* Pods_RestaurantAppTests.framework */ = {isa = PBXFileReference; explicitFileType = wrapper.framework; includeInIndex = 0; path = Pods_RestaurantAppTests.framework; sourceTree = BUILT_PRODUCTS_DIR; };
/* End PBXFileReference section */

/* Begin PBXFrameworksBuildPhase section */
		AF528D122947283100CF81A5 /* Frameworks */ = {
			isa = PBXFrameworksBuildPhase;
			buildActionMask = 2147483647;
			files = (
				DD2B2D74A0825F510956C7B7 /* Pods_RestaurantApp.framework in Frameworks */,
			);
			runOnlyForDeploymentPostprocessing = 0;
		};
		AF528D282947283400CF81A5 /* Frameworks */ = {
			isa = PBXFrameworksBuildPhase;
			buildActionMask = 2147483647;
			files = (
				1AC4BC6BD731C134D128413E /* Pods_RestaurantAppTests.framework in Frameworks */,
			);
			runOnlyForDeploymentPostprocessing = 0;
		};
		AF528D322947283400CF81A5 /* Frameworks */ = {
			isa = PBXFrameworksBuildPhase;
			buildActionMask = 2147483647;
			files = (
				4DE0874C6D1BD70B404C0F0A /* Pods_RestaurantApp_RestaurantAppUITests.framework in Frameworks */,
			);
			runOnlyForDeploymentPostprocessing = 0;
		};
/* End PBXFrameworksBuildPhase section */

/* Begin PBXGroup section */
		080CCE4829544ABA00C50D00 /* LoginPage */ = {
			isa = PBXGroup;
			children = (
				080CCE4929544DA200C50D00 /* LoginViewController.swift */,
				080CCE4A29544DA200C50D00 /* LoginViewController.xib */,
			);
			path = LoginPage;
			sourceTree = "<group>";
		};
		0815C87A2962D7C50081B7D3 /* NearbyResto */ = {
			isa = PBXGroup;
			children = (
				0815C8812962DA0E0081B7D3 /* NearbyRestoCollectionViewCell.swift */,
				0815C8822962DA0E0081B7D3 /* NearbyRestoCollectionViewCell.xib */,
				0815C8872962E2FA0081B7D3 /* NearbyRestoSectionCollectionView.swift */,
				0815C8882962E2FA0081B7D3 /* NearbyRestoSectionCollectionView.xib */,
			);
			path = NearbyResto;
			sourceTree = "<group>";
		};
		082CA02829656314006CB946 /* AllResto */ = {
			isa = PBXGroup;
			children = (
				082CA02929656342006CB946 /* AllRestoCollectionViewCell.swift */,
				082CA02A29656342006CB946 /* AllRestoCollectionViewCell.xib */,
			);
			path = AllResto;
			sourceTree = "<group>";
		};
		0910103676C930B70A2B0C78 /* Pods */ = {
			isa = PBXGroup;
			children = (
				CF726F1455B819C21767FFB4 /* Pods-RestaurantApp.debug.xcconfig */,
				63E8397D7E690C7F9ADCD4FB /* Pods-RestaurantApp.release.xcconfig */,
				7F6EB3885DCD0B8FBC4D59F9 /* Pods-RestaurantApp-RestaurantAppUITests.debug.xcconfig */,
				A59504B7C96FCA050E3B7358 /* Pods-RestaurantApp-RestaurantAppUITests.release.xcconfig */,
				D99D2399A624C1658DF9B295 /* Pods-RestaurantAppTests.debug.xcconfig */,
				1C343EB85E4A7B499616269C /* Pods-RestaurantAppTests.release.xcconfig */,
			);
			path = Pods;
			sourceTree = "<group>";
		};
		AF2F69B52955BBD500F04660 /* View */ = {
			isa = PBXGroup;
			children = (
				082CA02829656314006CB946 /* AllResto */,
				0815C87A2962D7C50081B7D3 /* NearbyResto */,
				AF3C357E295977ED0077E00B /* TopResto */,
				AFE985B52951ACEE008CCC36 /* HomePageViewController.swift */,
				AFE985B62951ACEE008CCC36 /* HomePageViewController.xib */,
				AF2F69C12955C41800F04660 /* HeaderCollectionReusableView.swift */,
				AF2F69C22955C41800F04660 /* HeaderCollectionReusableView.xib */,
				AF3C35852959A96A0077E00B /* PopUpViewController.swift */,
				AF3C35862959A96A0077E00B /* PopUpViewController.xib */,
			);
			path = View;
			sourceTree = "<group>";
		};
		AF2F69BA2955BF5900F04660 /* Model */ = {
			isa = PBXGroup;
			children = (
				AF2F69BB2955BF6500F04660 /* BukaRestoResponse.swift */,
			);
			path = Model;
			sourceTree = "<group>";
		};
		AF3C357E295977ED0077E00B /* TopResto */ = {
			isa = PBXGroup;
			children = (
				AF2F69B62955BBE800F04660 /* TopRestoCollectionViewCell.swift */,
				AF2F69B72955BBE800F04660 /* TopRestoCollectionViewCell.xib */,
				AF3C357F2959781D0077E00B /* TopRestoFooterCollectionReusableView.swift */,
				AF3C35802959781D0077E00B /* TopRestoFooterCollectionReusableView.xib */,
			);
			path = TopResto;
			sourceTree = "<group>";
		};
		AF3C3589295AB0830077E00B /* SearchPage */ = {
			isa = PBXGroup;
			children = (
				AFFB2E75295C0FC1008F1F77 /* TopSearch */,
				AF3C358E295AB0CD0077E00B /* SearchPageViewController.swift */,
				AF3C358F295AB0CD0077E00B /* SearchPageViewController.xib */,
				AF7207D62962AF2600E2FB0C /* SearchPageViewModel.swift */,
			);
			path = SearchPage;
			sourceTree = "<group>";
		};
		AF528D0C2947283100CF81A5 = {
			isa = PBXGroup;
			children = (
				AF528D172947283100CF81A5 /* RestaurantApp */,
				AF528D2E2947283400CF81A5 /* RestaurantAppTests */,
				AF528D382947283400CF81A5 /* RestaurantAppUITests */,
				AF528D162947283100CF81A5 /* Products */,
				0910103676C930B70A2B0C78 /* Pods */,
				BC9A4E9DD2D0FF96EB9CFED8 /* Frameworks */,
			);
			sourceTree = "<group>";
		};
		AF528D162947283100CF81A5 /* Products */ = {
			isa = PBXGroup;
			children = (
				AF528D152947283100CF81A5 /* RestaurantApp.app */,
				AF528D2B2947283400CF81A5 /* RestaurantAppTests.xctest */,
				AF528D352947283400CF81A5 /* RestaurantAppUITests.xctest */,
			);
			name = Products;
			sourceTree = "<group>";
		};
		AF528D172947283100CF81A5 /* RestaurantApp */ = {
			isa = PBXGroup;
			children = (
				086C572F2952FFDD00F244C2 /* GoogleService-Info.plist */,
				AF2F69BA2955BF5900F04660 /* Model */,
				AFCB690029507B0900188F3B /* Helper */,
				AF528D48294728B700CF81A5 /* Screen */,
				AF528D182947283100CF81A5 /* AppDelegate.swift */,
				AF528D1C2947283100CF81A5 /* ViewController.swift */,
				08B167D5295D7C1700721067 /* LocationManager.swift */,
				AF528D212947283400CF81A5 /* Assets.xcassets */,
				AF528D232947283400CF81A5 /* LaunchScreen.storyboard */,
				AF528D262947283400CF81A5 /* Info.plist */,
			);
			path = RestaurantApp;
			sourceTree = "<group>";
		};
		AF528D2E2947283400CF81A5 /* RestaurantAppTests */ = {
			isa = PBXGroup;
			children = (
				AF528D2F2947283400CF81A5 /* RestaurantAppTests.swift */,
			);
			path = RestaurantAppTests;
			sourceTree = "<group>";
		};
		AF528D382947283400CF81A5 /* RestaurantAppUITests */ = {
			isa = PBXGroup;
			children = (
				AF528D392947283400CF81A5 /* RestaurantAppUITests.swift */,
				AF528D3B2947283400CF81A5 /* RestaurantAppUITestsLaunchTests.swift */,
			);
			path = RestaurantAppUITests;
			sourceTree = "<group>";
		};
		AF528D48294728B700CF81A5 /* Screen */ = {
			isa = PBXGroup;
			children = (
				AFDA60312965738000EF8AB8 /* DetailPage */,
				AF3C3589295AB0830077E00B /* SearchPage */,
				080CCE4829544ABA00C50D00 /* LoginPage */,
				AFE985B42951ACD9008CCC36 /* HomePage */,
			);
			path = Screen;
			sourceTree = "<group>";
		};
		AFCB690029507B0900188F3B /* Helper */ = {
			isa = PBXGroup;
			children = (
				AFCB690129507B1900188F3B /* UIColor+Extension.swift */,
				AFCB690329507D7100188F3B /* NSAttributedString+Extension.swift */,
				AFE985B92951AD3E008CCC36 /* ViewController+Extension.swift */,
				AF2F69B32955BB2700F04660 /* URLSession+Extension.swift */,
				AF4FED42296C209E00199788 /* UIImage+Extension.swift */,
			);
			path = Helper;
			sourceTree = "<group>";
		};
		AFDA60312965738000EF8AB8 /* DetailPage */ = {
			isa = PBXGroup;
			children = (
				AFDA60362965761300EF8AB8 /* Menu */,
				AFDA60322965739400EF8AB8 /* DetailPageViewController.swift */,
				AFDA60332965739400EF8AB8 /* DetailPageViewController.xib */,
				AF72E3652967DE0A00A73F90 /* DetailPageViewModel.swift */,
			);
			path = DetailPage;
			sourceTree = "<group>";
		};
		AFDA60362965761300EF8AB8 /* Menu */ = {
			isa = PBXGroup;
			children = (
				AFDA603B296578FC00EF8AB8 /* MenuSectionTableView.swift */,
				AFDA603C296578FC00EF8AB8 /* MenuSectionTableView.xib */,
				AFDA603F29657AE500EF8AB8 /* MenuTableViewCell.swift */,
				AFDA604029657AE500EF8AB8 /* MenuTableViewCell.xib */,
				AF72E36B29680DD000A73F90 /* MenuCategoryCollectionViewCell.swift */,
				AF72E36C29680DD000A73F90 /* MenuCategoryCollectionViewCell.xib */,
			);
			path = Menu;
			sourceTree = "<group>";
		};
		AFE985B42951ACD9008CCC36 /* HomePage */ = {
			isa = PBXGroup;
			children = (
				AF2F69B52955BBD500F04660 /* View */,
				AF2F69BD2955C07600F04660 /* HomePageViewModel.swift */,
			);
			path = HomePage;
			sourceTree = "<group>";
		};
		AFFB2E75295C0FC1008F1F77 /* TopSearch */ = {
			isa = PBXGroup;
			children = (
				AFFB2E76295C1083008F1F77 /* TopSearchCollectionViewCell.swift */,
				AFFB2E77295C1083008F1F77 /* TopSearchCollectionViewCell.xib */,
				AFFB2E7A295C38A9008F1F77 /* AlignedCollectionViewFlowLayout.swift */,
			);
			path = TopSearch;
			sourceTree = "<group>";
		};
		BC9A4E9DD2D0FF96EB9CFED8 /* Frameworks */ = {
			isa = PBXGroup;
			children = (
				51BB6458CF820E04EC1F5531 /* Pods_RestaurantApp.framework */,
				90A283198BCBC864F40426AF /* Pods_RestaurantApp_RestaurantAppUITests.framework */,
				ED02654402D3A34BB2C8C325 /* Pods_RestaurantAppTests.framework */,
			);
			name = Frameworks;
			sourceTree = "<group>";
		};
/* End PBXGroup section */

/* Begin PBXNativeTarget section */
		AF528D142947283100CF81A5 /* RestaurantApp */ = {
			isa = PBXNativeTarget;
			buildConfigurationList = AF528D3F2947283400CF81A5 /* Build configuration list for PBXNativeTarget "RestaurantApp" */;
			buildPhases = (
				87042BFA40D3DCA870AB8E94 /* [CP] Check Pods Manifest.lock */,
				AF528D112947283100CF81A5 /* Sources */,
				AF528D122947283100CF81A5 /* Frameworks */,
				AF528D132947283100CF81A5 /* Resources */,
				FA2C16ECFA0292828126B274 /* [CP] Embed Pods Frameworks */,
			);
			buildRules = (
			);
			dependencies = (
			);
			name = RestaurantApp;
			productName = RestaurantApp;
			productReference = AF528D152947283100CF81A5 /* RestaurantApp.app */;
			productType = "com.apple.product-type.application";
		};
		AF528D2A2947283400CF81A5 /* RestaurantAppTests */ = {
			isa = PBXNativeTarget;
			buildConfigurationList = AF528D422947283400CF81A5 /* Build configuration list for PBXNativeTarget "RestaurantAppTests" */;
			buildPhases = (
				F2C435EC3E7B814437A1ED42 /* [CP] Check Pods Manifest.lock */,
				AF528D272947283400CF81A5 /* Sources */,
				AF528D282947283400CF81A5 /* Frameworks */,
				AF528D292947283400CF81A5 /* Resources */,
			);
			buildRules = (
			);
			dependencies = (
				AF528D2D2947283400CF81A5 /* PBXTargetDependency */,
			);
			name = RestaurantAppTests;
			productName = RestaurantAppTests;
			productReference = AF528D2B2947283400CF81A5 /* RestaurantAppTests.xctest */;
			productType = "com.apple.product-type.bundle.unit-test";
		};
		AF528D342947283400CF81A5 /* RestaurantAppUITests */ = {
			isa = PBXNativeTarget;
			buildConfigurationList = AF528D452947283400CF81A5 /* Build configuration list for PBXNativeTarget "RestaurantAppUITests" */;
			buildPhases = (
				44C825344A28F8A0914E7E8E /* [CP] Check Pods Manifest.lock */,
				AF528D312947283400CF81A5 /* Sources */,
				AF528D322947283400CF81A5 /* Frameworks */,
				AF528D332947283400CF81A5 /* Resources */,
				BFD24EF5ACD86E18FDB62915 /* [CP] Embed Pods Frameworks */,
			);
			buildRules = (
			);
			dependencies = (
				AF528D372947283400CF81A5 /* PBXTargetDependency */,
			);
			name = RestaurantAppUITests;
			productName = RestaurantAppUITests;
			productReference = AF528D352947283400CF81A5 /* RestaurantAppUITests.xctest */;
			productType = "com.apple.product-type.bundle.ui-testing";
		};
/* End PBXNativeTarget section */

/* Begin PBXProject section */
		AF528D0D2947283100CF81A5 /* Project object */ = {
			isa = PBXProject;
			attributes = {
				BuildIndependentTargetsInParallel = 1;
				LastSwiftUpdateCheck = 1320;
				LastUpgradeCheck = 1320;
				TargetAttributes = {
					AF528D142947283100CF81A5 = {
						CreatedOnToolsVersion = 13.2.1;
					};
					AF528D2A2947283400CF81A5 = {
						CreatedOnToolsVersion = 13.2.1;
						TestTargetID = AF528D142947283100CF81A5;
					};
					AF528D342947283400CF81A5 = {
						CreatedOnToolsVersion = 13.2.1;
						TestTargetID = AF528D142947283100CF81A5;
					};
				};
			};
			buildConfigurationList = AF528D102947283100CF81A5 /* Build configuration list for PBXProject "RestaurantApp" */;
			compatibilityVersion = "Xcode 13.0";
			developmentRegion = en;
			hasScannedForEncodings = 0;
			knownRegions = (
				en,
				Base,
			);
			mainGroup = AF528D0C2947283100CF81A5;
			productRefGroup = AF528D162947283100CF81A5 /* Products */;
			projectDirPath = "";
			projectRoot = "";
			targets = (
				AF528D142947283100CF81A5 /* RestaurantApp */,
				AF528D2A2947283400CF81A5 /* RestaurantAppTests */,
				AF528D342947283400CF81A5 /* RestaurantAppUITests */,
			);
		};
/* End PBXProject section */

/* Begin PBXResourcesBuildPhase section */
		AF528D132947283100CF81A5 /* Resources */ = {
			isa = PBXResourcesBuildPhase;
			buildActionMask = 2147483647;
			files = (
				AF2F69C42955C41800F04660 /* HeaderCollectionReusableView.xib in Resources */,
				080CCE4C29544DA200C50D00 /* LoginViewController.xib in Resources */,
				082CA02C29656342006CB946 /* AllRestoCollectionViewCell.xib in Resources */,
				AFFB2E79295C1083008F1F77 /* TopSearchCollectionViewCell.xib in Resources */,
				0815C8842962DA0E0081B7D3 /* NearbyRestoCollectionViewCell.xib in Resources */,
				AF3C35822959781D0077E00B /* TopRestoFooterCollectionReusableView.xib in Resources */,
				AFE985B82951ACEE008CCC36 /* HomePageViewController.xib in Resources */,
				AF72E36E29680DD000A73F90 /* MenuCategoryCollectionViewCell.xib in Resources */,
				AF528D252947283400CF81A5 /* LaunchScreen.storyboard in Resources */,
				AF3C35882959A96A0077E00B /* PopUpViewController.xib in Resources */,
				AF2F69B92955BBE800F04660 /* TopRestoCollectionViewCell.xib in Resources */,
				AFDA603E296578FC00EF8AB8 /* MenuSectionTableView.xib in Resources */,
				AF3C3591295AB0CD0077E00B /* SearchPageViewController.xib in Resources */,
				086C57302952FFDD00F244C2 /* GoogleService-Info.plist in Resources */,
				AF528D222947283400CF81A5 /* Assets.xcassets in Resources */,
				AFDA60352965739400EF8AB8 /* DetailPageViewController.xib in Resources */,
				AFDA604229657AE600EF8AB8 /* MenuTableViewCell.xib in Resources */,
				0815C88A2962E2FA0081B7D3 /* NearbyRestoSectionCollectionView.xib in Resources */,
			);
			runOnlyForDeploymentPostprocessing = 0;
		};
		AF528D292947283400CF81A5 /* Resources */ = {
			isa = PBXResourcesBuildPhase;
			buildActionMask = 2147483647;
			files = (
			);
			runOnlyForDeploymentPostprocessing = 0;
		};
		AF528D332947283400CF81A5 /* Resources */ = {
			isa = PBXResourcesBuildPhase;
			buildActionMask = 2147483647;
			files = (
			);
			runOnlyForDeploymentPostprocessing = 0;
		};
/* End PBXResourcesBuildPhase section */

/* Begin PBXShellScriptBuildPhase section */
		44C825344A28F8A0914E7E8E /* [CP] Check Pods Manifest.lock */ = {
			isa = PBXShellScriptBuildPhase;
			buildActionMask = 2147483647;
			files = (
			);
			inputFileListPaths = (
			);
			inputPaths = (
				"${PODS_PODFILE_DIR_PATH}/Podfile.lock",
				"${PODS_ROOT}/Manifest.lock",
			);
			name = "[CP] Check Pods Manifest.lock";
			outputFileListPaths = (
			);
			outputPaths = (
				"$(DERIVED_FILE_DIR)/Pods-RestaurantApp-RestaurantAppUITests-checkManifestLockResult.txt",
			);
			runOnlyForDeploymentPostprocessing = 0;
			shellPath = /bin/sh;
			shellScript = "diff \"${PODS_PODFILE_DIR_PATH}/Podfile.lock\" \"${PODS_ROOT}/Manifest.lock\" > /dev/null\nif [ $? != 0 ] ; then\n    # print error to STDERR\n    echo \"error: The sandbox is not in sync with the Podfile.lock. Run 'pod install' or update your CocoaPods installation.\" >&2\n    exit 1\nfi\n# This output is used by Xcode 'outputs' to avoid re-running this script phase.\necho \"SUCCESS\" > \"${SCRIPT_OUTPUT_FILE_0}\"\n";
			showEnvVarsInLog = 0;
		};
		87042BFA40D3DCA870AB8E94 /* [CP] Check Pods Manifest.lock */ = {
			isa = PBXShellScriptBuildPhase;
			buildActionMask = 2147483647;
			files = (
			);
			inputFileListPaths = (
			);
			inputPaths = (
				"${PODS_PODFILE_DIR_PATH}/Podfile.lock",
				"${PODS_ROOT}/Manifest.lock",
			);
			name = "[CP] Check Pods Manifest.lock";
			outputFileListPaths = (
			);
			outputPaths = (
				"$(DERIVED_FILE_DIR)/Pods-RestaurantApp-checkManifestLockResult.txt",
			);
			runOnlyForDeploymentPostprocessing = 0;
			shellPath = /bin/sh;
			shellScript = "diff \"${PODS_PODFILE_DIR_PATH}/Podfile.lock\" \"${PODS_ROOT}/Manifest.lock\" > /dev/null\nif [ $? != 0 ] ; then\n    # print error to STDERR\n    echo \"error: The sandbox is not in sync with the Podfile.lock. Run 'pod install' or update your CocoaPods installation.\" >&2\n    exit 1\nfi\n# This output is used by Xcode 'outputs' to avoid re-running this script phase.\necho \"SUCCESS\" > \"${SCRIPT_OUTPUT_FILE_0}\"\n";
			showEnvVarsInLog = 0;
		};
		BFD24EF5ACD86E18FDB62915 /* [CP] Embed Pods Frameworks */ = {
			isa = PBXShellScriptBuildPhase;
			buildActionMask = 2147483647;
			files = (
			);
			inputFileListPaths = (
				"${PODS_ROOT}/Target Support Files/Pods-RestaurantApp-RestaurantAppUITests/Pods-RestaurantApp-RestaurantAppUITests-frameworks-${CONFIGURATION}-input-files.xcfilelist",
			);
			name = "[CP] Embed Pods Frameworks";
			outputFileListPaths = (
				"${PODS_ROOT}/Target Support Files/Pods-RestaurantApp-RestaurantAppUITests/Pods-RestaurantApp-RestaurantAppUITests-frameworks-${CONFIGURATION}-output-files.xcfilelist",
			);
			runOnlyForDeploymentPostprocessing = 0;
			shellPath = /bin/sh;
			shellScript = "\"${PODS_ROOT}/Target Support Files/Pods-RestaurantApp-RestaurantAppUITests/Pods-RestaurantApp-RestaurantAppUITests-frameworks.sh\"\n";
			showEnvVarsInLog = 0;
		};
		F2C435EC3E7B814437A1ED42 /* [CP] Check Pods Manifest.lock */ = {
			isa = PBXShellScriptBuildPhase;
			buildActionMask = 2147483647;
			files = (
			);
			inputFileListPaths = (
			);
			inputPaths = (
				"${PODS_PODFILE_DIR_PATH}/Podfile.lock",
				"${PODS_ROOT}/Manifest.lock",
			);
			name = "[CP] Check Pods Manifest.lock";
			outputFileListPaths = (
			);
			outputPaths = (
				"$(DERIVED_FILE_DIR)/Pods-RestaurantAppTests-checkManifestLockResult.txt",
			);
			runOnlyForDeploymentPostprocessing = 0;
			shellPath = /bin/sh;
			shellScript = "diff \"${PODS_PODFILE_DIR_PATH}/Podfile.lock\" \"${PODS_ROOT}/Manifest.lock\" > /dev/null\nif [ $? != 0 ] ; then\n    # print error to STDERR\n    echo \"error: The sandbox is not in sync with the Podfile.lock. Run 'pod install' or update your CocoaPods installation.\" >&2\n    exit 1\nfi\n# This output is used by Xcode 'outputs' to avoid re-running this script phase.\necho \"SUCCESS\" > \"${SCRIPT_OUTPUT_FILE_0}\"\n";
			showEnvVarsInLog = 0;
		};
		FA2C16ECFA0292828126B274 /* [CP] Embed Pods Frameworks */ = {
			isa = PBXShellScriptBuildPhase;
			buildActionMask = 2147483647;
			files = (
			);
			inputFileListPaths = (
				"${PODS_ROOT}/Target Support Files/Pods-RestaurantApp/Pods-RestaurantApp-frameworks-${CONFIGURATION}-input-files.xcfilelist",
			);
			name = "[CP] Embed Pods Frameworks";
			outputFileListPaths = (
				"${PODS_ROOT}/Target Support Files/Pods-RestaurantApp/Pods-RestaurantApp-frameworks-${CONFIGURATION}-output-files.xcfilelist",
			);
			runOnlyForDeploymentPostprocessing = 0;
			shellPath = /bin/sh;
			shellScript = "\"${PODS_ROOT}/Target Support Files/Pods-RestaurantApp/Pods-RestaurantApp-frameworks.sh\"\n";
			showEnvVarsInLog = 0;
		};
/* End PBXShellScriptBuildPhase section */

/* Begin PBXSourcesBuildPhase section */
		AF528D112947283100CF81A5 /* Sources */ = {
			isa = PBXSourcesBuildPhase;
			buildActionMask = 2147483647;
			files = (
				AF72E3662967DE0A00A73F90 /* DetailPageViewModel.swift in Sources */,
				AF72E36D29680DD000A73F90 /* MenuCategoryCollectionViewCell.swift in Sources */,
				AFDA603D296578FC00EF8AB8 /* MenuSectionTableView.swift in Sources */,
				080CCE4B29544DA200C50D00 /* LoginViewController.swift in Sources */,
				AF7207D72962AF2600E2FB0C /* SearchPageViewModel.swift in Sources */,
				AF528D1D2947283100CF81A5 /* ViewController.swift in Sources */,
				08B167D6295D7C1700721067 /* LocationManager.swift in Sources */,
				AFE985B72951ACEE008CCC36 /* HomePageViewController.swift in Sources */,
				AFE985BA2951AD3E008CCC36 /* ViewController+Extension.swift in Sources */,
				AF2F69C32955C41800F04660 /* HeaderCollectionReusableView.swift in Sources */,
				AF2F69B42955BB2700F04660 /* URLSession+Extension.swift in Sources */,
				AF3C3590295AB0CD0077E00B /* SearchPageViewController.swift in Sources */,
				AFDA604129657AE600EF8AB8 /* MenuTableViewCell.swift in Sources */,
				0815C8892962E2FA0081B7D3 /* NearbyRestoSectionCollectionView.swift in Sources */,
				AF4FED43296C209E00199788 /* UIImage+Extension.swift in Sources */,
				AF2F69BC2955BF6500F04660 /* BukaRestoResponse.swift in Sources */,
				AFFB2E78295C1083008F1F77 /* TopSearchCollectionViewCell.swift in Sources */,
				0815C8832962DA0E0081B7D3 /* NearbyRestoCollectionViewCell.swift in Sources */,
				082CA02B29656342006CB946 /* AllRestoCollectionViewCell.swift in Sources */,
				AF3C35812959781D0077E00B /* TopRestoFooterCollectionReusableView.swift in Sources */,
				AFCB690429507D7100188F3B /* NSAttributedString+Extension.swift in Sources */,
				AF3C35872959A96A0077E00B /* PopUpViewController.swift in Sources */,
				AFFB2E7B295C38A9008F1F77 /* AlignedCollectionViewFlowLayout.swift in Sources */,
				AF528D192947283100CF81A5 /* AppDelegate.swift in Sources */,
				AFCB690229507B1900188F3B /* UIColor+Extension.swift in Sources */,
				AFDA60342965739400EF8AB8 /* DetailPageViewController.swift in Sources */,
				AF2F69B82955BBE800F04660 /* TopRestoCollectionViewCell.swift in Sources */,
				AF2F69BE2955C07600F04660 /* HomePageViewModel.swift in Sources */,
			);
			runOnlyForDeploymentPostprocessing = 0;
		};
		AF528D272947283400CF81A5 /* Sources */ = {
			isa = PBXSourcesBuildPhase;
			buildActionMask = 2147483647;
			files = (
				AF528D302947283400CF81A5 /* RestaurantAppTests.swift in Sources */,
			);
			runOnlyForDeploymentPostprocessing = 0;
		};
		AF528D312947283400CF81A5 /* Sources */ = {
			isa = PBXSourcesBuildPhase;
			buildActionMask = 2147483647;
			files = (
				AF528D3A2947283400CF81A5 /* RestaurantAppUITests.swift in Sources */,
				AF528D3C2947283400CF81A5 /* RestaurantAppUITestsLaunchTests.swift in Sources */,
			);
			runOnlyForDeploymentPostprocessing = 0;
		};
/* End PBXSourcesBuildPhase section */

/* Begin PBXTargetDependency section */
		AF528D2D2947283400CF81A5 /* PBXTargetDependency */ = {
			isa = PBXTargetDependency;
			target = AF528D142947283100CF81A5 /* RestaurantApp */;
			targetProxy = AF528D2C2947283400CF81A5 /* PBXContainerItemProxy */;
		};
		AF528D372947283400CF81A5 /* PBXTargetDependency */ = {
			isa = PBXTargetDependency;
			target = AF528D142947283100CF81A5 /* RestaurantApp */;
			targetProxy = AF528D362947283400CF81A5 /* PBXContainerItemProxy */;
		};
/* End PBXTargetDependency section */

/* Begin PBXVariantGroup section */
		AF528D232947283400CF81A5 /* LaunchScreen.storyboard */ = {
			isa = PBXVariantGroup;
			children = (
				AF528D242947283400CF81A5 /* Base */,
			);
			name = LaunchScreen.storyboard;
			sourceTree = "<group>";
		};
/* End PBXVariantGroup section */

/* Begin XCBuildConfiguration section */
		AF528D3D2947283400CF81A5 /* Debug */ = {
			isa = XCBuildConfiguration;
			buildSettings = {
				ALWAYS_SEARCH_USER_PATHS = NO;
				CLANG_ANALYZER_NONNULL = YES;
				CLANG_ANALYZER_NUMBER_OBJECT_CONVERSION = YES_AGGRESSIVE;
				CLANG_CXX_LANGUAGE_STANDARD = "gnu++17";
				CLANG_CXX_LIBRARY = "libc++";
				CLANG_ENABLE_MODULES = YES;
				CLANG_ENABLE_OBJC_ARC = YES;
				CLANG_ENABLE_OBJC_WEAK = YES;
				CLANG_WARN_BLOCK_CAPTURE_AUTORELEASING = YES;
				CLANG_WARN_BOOL_CONVERSION = YES;
				CLANG_WARN_COMMA = YES;
				CLANG_WARN_CONSTANT_CONVERSION = YES;
				CLANG_WARN_DEPRECATED_OBJC_IMPLEMENTATIONS = YES;
				CLANG_WARN_DIRECT_OBJC_ISA_USAGE = YES_ERROR;
				CLANG_WARN_DOCUMENTATION_COMMENTS = YES;
				CLANG_WARN_EMPTY_BODY = YES;
				CLANG_WARN_ENUM_CONVERSION = YES;
				CLANG_WARN_INFINITE_RECURSION = YES;
				CLANG_WARN_INT_CONVERSION = YES;
				CLANG_WARN_NON_LITERAL_NULL_CONVERSION = YES;
				CLANG_WARN_OBJC_IMPLICIT_RETAIN_SELF = YES;
				CLANG_WARN_OBJC_LITERAL_CONVERSION = YES;
				CLANG_WARN_OBJC_ROOT_CLASS = YES_ERROR;
				CLANG_WARN_QUOTED_INCLUDE_IN_FRAMEWORK_HEADER = YES;
				CLANG_WARN_RANGE_LOOP_ANALYSIS = YES;
				CLANG_WARN_STRICT_PROTOTYPES = YES;
				CLANG_WARN_SUSPICIOUS_MOVE = YES;
				CLANG_WARN_UNGUARDED_AVAILABILITY = YES_AGGRESSIVE;
				CLANG_WARN_UNREACHABLE_CODE = YES;
				CLANG_WARN__DUPLICATE_METHOD_MATCH = YES;
				COPY_PHASE_STRIP = NO;
				DEBUG_INFORMATION_FORMAT = dwarf;
				ENABLE_STRICT_OBJC_MSGSEND = YES;
				ENABLE_TESTABILITY = YES;
				GCC_C_LANGUAGE_STANDARD = gnu11;
				GCC_DYNAMIC_NO_PIC = NO;
				GCC_NO_COMMON_BLOCKS = YES;
				GCC_OPTIMIZATION_LEVEL = 0;
				GCC_PREPROCESSOR_DEFINITIONS = (
					"DEBUG=1",
					"$(inherited)",
				);
				GCC_WARN_64_TO_32_BIT_CONVERSION = YES;
				GCC_WARN_ABOUT_RETURN_TYPE = YES_ERROR;
				GCC_WARN_UNDECLARED_SELECTOR = YES;
				GCC_WARN_UNINITIALIZED_AUTOS = YES_AGGRESSIVE;
				GCC_WARN_UNUSED_FUNCTION = YES;
				GCC_WARN_UNUSED_VARIABLE = YES;
				IPHONEOS_DEPLOYMENT_TARGET = 15.2;
				MTL_ENABLE_DEBUG_INFO = INCLUDE_SOURCE;
				MTL_FAST_MATH = YES;
				ONLY_ACTIVE_ARCH = YES;
				SDKROOT = iphoneos;
				SWIFT_ACTIVE_COMPILATION_CONDITIONS = DEBUG;
				SWIFT_OPTIMIZATION_LEVEL = "-Onone";
			};
			name = Debug;
		};
		AF528D3E2947283400CF81A5 /* Release */ = {
			isa = XCBuildConfiguration;
			buildSettings = {
				ALWAYS_SEARCH_USER_PATHS = NO;
				CLANG_ANALYZER_NONNULL = YES;
				CLANG_ANALYZER_NUMBER_OBJECT_CONVERSION = YES_AGGRESSIVE;
				CLANG_CXX_LANGUAGE_STANDARD = "gnu++17";
				CLANG_CXX_LIBRARY = "libc++";
				CLANG_ENABLE_MODULES = YES;
				CLANG_ENABLE_OBJC_ARC = YES;
				CLANG_ENABLE_OBJC_WEAK = YES;
				CLANG_WARN_BLOCK_CAPTURE_AUTORELEASING = YES;
				CLANG_WARN_BOOL_CONVERSION = YES;
				CLANG_WARN_COMMA = YES;
				CLANG_WARN_CONSTANT_CONVERSION = YES;
				CLANG_WARN_DEPRECATED_OBJC_IMPLEMENTATIONS = YES;
				CLANG_WARN_DIRECT_OBJC_ISA_USAGE = YES_ERROR;
				CLANG_WARN_DOCUMENTATION_COMMENTS = YES;
				CLANG_WARN_EMPTY_BODY = YES;
				CLANG_WARN_ENUM_CONVERSION = YES;
				CLANG_WARN_INFINITE_RECURSION = YES;
				CLANG_WARN_INT_CONVERSION = YES;
				CLANG_WARN_NON_LITERAL_NULL_CONVERSION = YES;
				CLANG_WARN_OBJC_IMPLICIT_RETAIN_SELF = YES;
				CLANG_WARN_OBJC_LITERAL_CONVERSION = YES;
				CLANG_WARN_OBJC_ROOT_CLASS = YES_ERROR;
				CLANG_WARN_QUOTED_INCLUDE_IN_FRAMEWORK_HEADER = YES;
				CLANG_WARN_RANGE_LOOP_ANALYSIS = YES;
				CLANG_WARN_STRICT_PROTOTYPES = YES;
				CLANG_WARN_SUSPICIOUS_MOVE = YES;
				CLANG_WARN_UNGUARDED_AVAILABILITY = YES_AGGRESSIVE;
				CLANG_WARN_UNREACHABLE_CODE = YES;
				CLANG_WARN__DUPLICATE_METHOD_MATCH = YES;
				COPY_PHASE_STRIP = NO;
				DEBUG_INFORMATION_FORMAT = "dwarf-with-dsym";
				ENABLE_NS_ASSERTIONS = NO;
				ENABLE_STRICT_OBJC_MSGSEND = YES;
				GCC_C_LANGUAGE_STANDARD = gnu11;
				GCC_NO_COMMON_BLOCKS = YES;
				GCC_WARN_64_TO_32_BIT_CONVERSION = YES;
				GCC_WARN_ABOUT_RETURN_TYPE = YES_ERROR;
				GCC_WARN_UNDECLARED_SELECTOR = YES;
				GCC_WARN_UNINITIALIZED_AUTOS = YES_AGGRESSIVE;
				GCC_WARN_UNUSED_FUNCTION = YES;
				GCC_WARN_UNUSED_VARIABLE = YES;
				IPHONEOS_DEPLOYMENT_TARGET = 15.2;
				MTL_ENABLE_DEBUG_INFO = NO;
				MTL_FAST_MATH = YES;
				SDKROOT = iphoneos;
				SWIFT_COMPILATION_MODE = wholemodule;
				SWIFT_OPTIMIZATION_LEVEL = "-O";
				VALIDATE_PRODUCT = YES;
			};
			name = Release;
		};
		AF528D402947283400CF81A5 /* Debug */ = {
			isa = XCBuildConfiguration;
			baseConfigurationReference = CF726F1455B819C21767FFB4 /* Pods-RestaurantApp.debug.xcconfig */;
			buildSettings = {
				ASSETCATALOG_COMPILER_APPICON_NAME = AppIcon;
				ASSETCATALOG_COMPILER_GLOBAL_ACCENT_COLOR_NAME = AccentColor;
				CODE_SIGN_STYLE = Automatic;
				CURRENT_PROJECT_VERSION = 1;
				DEBUG_INFORMATION_FORMAT = "dwarf-with-dsym";
				DEVELOPMENT_TEAM = L4JFC9DSMN;
				GENERATE_INFOPLIST_FILE = NO;
				INFOPLIST_FILE = RestaurantApp/Info.plist;
				INFOPLIST_KEY_UIApplicationSupportsIndirectInputEvents = YES;
				INFOPLIST_KEY_UILaunchStoryboardName = LaunchScreen;
				INFOPLIST_KEY_UISupportedInterfaceOrientations_iPad = "UIInterfaceOrientationPortrait UIInterfaceOrientationPortraitUpsideDown UIInterfaceOrientationLandscapeLeft UIInterfaceOrientationLandscapeRight";
				INFOPLIST_KEY_UISupportedInterfaceOrientations_iPhone = "UIInterfaceOrientationPortrait UIInterfaceOrientationLandscapeLeft UIInterfaceOrientationLandscapeRight";
				LD_RUNPATH_SEARCH_PATHS = (
					"$(inherited)",
					"@executable_path/Frameworks",
				);
				MARKETING_VERSION = 1.0;
				PRODUCT_BUNDLE_IDENTIFIER = iosIntensiveClass.RestaurantApp;
				PRODUCT_NAME = "$(TARGET_NAME)";
				SWIFT_EMIT_LOC_STRINGS = YES;
				SWIFT_VERSION = 5.0;
				TARGETED_DEVICE_FAMILY = "1,2";
			};
			name = Debug;
		};
		AF528D412947283400CF81A5 /* Release */ = {
			isa = XCBuildConfiguration;
			baseConfigurationReference = 63E8397D7E690C7F9ADCD4FB /* Pods-RestaurantApp.release.xcconfig */;
			buildSettings = {
				ASSETCATALOG_COMPILER_APPICON_NAME = AppIcon;
				ASSETCATALOG_COMPILER_GLOBAL_ACCENT_COLOR_NAME = AccentColor;
				CODE_SIGN_STYLE = Automatic;
				CURRENT_PROJECT_VERSION = 1;
				DEVELOPMENT_TEAM = L4JFC9DSMN;
				GENERATE_INFOPLIST_FILE = NO;
				INFOPLIST_FILE = RestaurantApp/Info.plist;
				INFOPLIST_KEY_UIApplicationSupportsIndirectInputEvents = YES;
				INFOPLIST_KEY_UILaunchStoryboardName = LaunchScreen;
				INFOPLIST_KEY_UISupportedInterfaceOrientations_iPad = "UIInterfaceOrientationPortrait UIInterfaceOrientationPortraitUpsideDown UIInterfaceOrientationLandscapeLeft UIInterfaceOrientationLandscapeRight";
				INFOPLIST_KEY_UISupportedInterfaceOrientations_iPhone = "UIInterfaceOrientationPortrait UIInterfaceOrientationLandscapeLeft UIInterfaceOrientationLandscapeRight";
				LD_RUNPATH_SEARCH_PATHS = (
					"$(inherited)",
					"@executable_path/Frameworks",
				);
				MARKETING_VERSION = 1.0;
				PRODUCT_BUNDLE_IDENTIFIER = iosIntensiveClass.RestaurantApp;
				PRODUCT_NAME = "$(TARGET_NAME)";
				SWIFT_EMIT_LOC_STRINGS = YES;
				SWIFT_VERSION = 5.0;
				TARGETED_DEVICE_FAMILY = "1,2";
			};
			name = Release;
		};
		AF528D432947283400CF81A5 /* Debug */ = {
			isa = XCBuildConfiguration;
			baseConfigurationReference = D99D2399A624C1658DF9B295 /* Pods-RestaurantAppTests.debug.xcconfig */;
			buildSettings = {
				ALWAYS_EMBED_SWIFT_STANDARD_LIBRARIES = YES;
				BUNDLE_LOADER = "$(TEST_HOST)";
				CODE_SIGN_STYLE = Automatic;
				CURRENT_PROJECT_VERSION = 1;
				DEVELOPMENT_TEAM = L4JFC9DSMN;
				GENERATE_INFOPLIST_FILE = YES;
				IPHONEOS_DEPLOYMENT_TARGET = 15.2;
				MARKETING_VERSION = 1.0;
				PRODUCT_BUNDLE_IDENTIFIER = iosIntensiveClass.RestaurantAppTests;
				PRODUCT_NAME = "$(TARGET_NAME)";
				SWIFT_EMIT_LOC_STRINGS = NO;
				SWIFT_VERSION = 5.0;
				TARGETED_DEVICE_FAMILY = "1,2";
				TEST_HOST = "$(BUILT_PRODUCTS_DIR)/RestaurantApp.app/RestaurantApp";
			};
			name = Debug;
		};
		AF528D442947283400CF81A5 /* Release */ = {
			isa = XCBuildConfiguration;
			baseConfigurationReference = 1C343EB85E4A7B499616269C /* Pods-RestaurantAppTests.release.xcconfig */;
			buildSettings = {
				ALWAYS_EMBED_SWIFT_STANDARD_LIBRARIES = YES;
				BUNDLE_LOADER = "$(TEST_HOST)";
				CODE_SIGN_STYLE = Automatic;
				CURRENT_PROJECT_VERSION = 1;
				DEVELOPMENT_TEAM = L4JFC9DSMN;
				GENERATE_INFOPLIST_FILE = YES;
				IPHONEOS_DEPLOYMENT_TARGET = 15.2;
				MARKETING_VERSION = 1.0;
				PRODUCT_BUNDLE_IDENTIFIER = iosIntensiveClass.RestaurantAppTests;
				PRODUCT_NAME = "$(TARGET_NAME)";
				SWIFT_EMIT_LOC_STRINGS = NO;
				SWIFT_VERSION = 5.0;
				TARGETED_DEVICE_FAMILY = "1,2";
				TEST_HOST = "$(BUILT_PRODUCTS_DIR)/RestaurantApp.app/RestaurantApp";
			};
			name = Release;
		};
		AF528D462947283400CF81A5 /* Debug */ = {
			isa = XCBuildConfiguration;
			baseConfigurationReference = 7F6EB3885DCD0B8FBC4D59F9 /* Pods-RestaurantApp-RestaurantAppUITests.debug.xcconfig */;
			buildSettings = {
				ALWAYS_EMBED_SWIFT_STANDARD_LIBRARIES = YES;
				CODE_SIGN_STYLE = Automatic;
				CURRENT_PROJECT_VERSION = 1;
				DEVELOPMENT_TEAM = L4JFC9DSMN;
				GENERATE_INFOPLIST_FILE = YES;
				MARKETING_VERSION = 1.0;
				PRODUCT_BUNDLE_IDENTIFIER = iosIntensiveClass.RestaurantAppUITests;
				PRODUCT_NAME = "$(TARGET_NAME)";
				SWIFT_EMIT_LOC_STRINGS = NO;
				SWIFT_VERSION = 5.0;
				TARGETED_DEVICE_FAMILY = "1,2";
				TEST_TARGET_NAME = RestaurantApp;
			};
			name = Debug;
		};
		AF528D472947283400CF81A5 /* Release */ = {
			isa = XCBuildConfiguration;
			baseConfigurationReference = A59504B7C96FCA050E3B7358 /* Pods-RestaurantApp-RestaurantAppUITests.release.xcconfig */;
			buildSettings = {
				ALWAYS_EMBED_SWIFT_STANDARD_LIBRARIES = YES;
				CODE_SIGN_STYLE = Automatic;
				CURRENT_PROJECT_VERSION = 1;
				DEVELOPMENT_TEAM = L4JFC9DSMN;
				GENERATE_INFOPLIST_FILE = YES;
				MARKETING_VERSION = 1.0;
				PRODUCT_BUNDLE_IDENTIFIER = iosIntensiveClass.RestaurantAppUITests;
				PRODUCT_NAME = "$(TARGET_NAME)";
				SWIFT_EMIT_LOC_STRINGS = NO;
				SWIFT_VERSION = 5.0;
				TARGETED_DEVICE_FAMILY = "1,2";
				TEST_TARGET_NAME = RestaurantApp;
			};
			name = Release;
		};
/* End XCBuildConfiguration section */

/* Begin XCConfigurationList section */
		AF528D102947283100CF81A5 /* Build configuration list for PBXProject "RestaurantApp" */ = {
			isa = XCConfigurationList;
			buildConfigurations = (
				AF528D3D2947283400CF81A5 /* Debug */,
				AF528D3E2947283400CF81A5 /* Release */,
			);
			defaultConfigurationIsVisible = 0;
			defaultConfigurationName = Release;
		};
		AF528D3F2947283400CF81A5 /* Build configuration list for PBXNativeTarget "RestaurantApp" */ = {
			isa = XCConfigurationList;
			buildConfigurations = (
				AF528D402947283400CF81A5 /* Debug */,
				AF528D412947283400CF81A5 /* Release */,
			);
			defaultConfigurationIsVisible = 0;
			defaultConfigurationName = Release;
		};
		AF528D422947283400CF81A5 /* Build configuration list for PBXNativeTarget "RestaurantAppTests" */ = {
			isa = XCConfigurationList;
			buildConfigurations = (
				AF528D432947283400CF81A5 /* Debug */,
				AF528D442947283400CF81A5 /* Release */,
			);
			defaultConfigurationIsVisible = 0;
			defaultConfigurationName = Release;
		};
		AF528D452947283400CF81A5 /* Build configuration list for PBXNativeTarget "RestaurantAppUITests" */ = {
			isa = XCConfigurationList;
			buildConfigurations = (
				AF528D462947283400CF81A5 /* Debug */,
				AF528D472947283400CF81A5 /* Release */,
			);
			defaultConfigurationIsVisible = 0;
			defaultConfigurationName = Release;
		};
/* End XCConfigurationList section */
	};
	rootObject = AF528D0D2947283100CF81A5 /* Project object */;
}
